
Microsoft Visual Studio Solution File, Format Version 12.00
# Visual Studio Version 17
VisualStudioVersion = 17.9.34607.119
MinimumVisualStudioVersion = 10.0.40219.1
Project("{FAE04EC0-301F-11D3-BF4B-00C04F79EFBC}") = "ZombieTest", "ZombieTest.csproj", "{2B35DA4A-6D0B-47E0-BC40-D2BE59E519F0}"
EndProject
Global
	GlobalSection(SolutionConfigurationPlatforms) = preSolution
		Debug|Any CPU = Debug|Any CPU
		Release|Any CPU = Release|Any CPU
	EndGlobalSection
	GlobalSection(ProjectConfigurationPlatforms) = postSolution
		{2B35DA4A-6D0B-47E0-BC40-D2BE59E519F0}.Debug|Any CPU.ActiveCfg = Debug|Any CPU
		{2B35DA4A-6D0B-47E0-BC40-D2BE59E519F0}.Debug|Any CPU.Build.0 = Debug|Any CPU
		{2B35DA4A-6D0B-47E0-BC40-D2BE59E519F0}.Release|Any CPU.ActiveCfg = Release|Any CPU
		{2B35DA4A-6D0B-47E0-BC40-D2BE59E519F0}.Release|Any CPU.Build.0 = Release|Any CPU
	EndGlobalSection
	GlobalSection(SolutionProperties) = preSolution
		HideSolutionNode = FALSE
	EndGlobalSection
	GlobalSection(ExtensibilityGlobals) = postSolution
		SolutionGuid = {E482CDE5-156A-4571-85C2-EEAEA86D425F}
	EndGlobalSection
EndGlobal
